
Microsoft Visual Studio Solution File, Format Version 12.00
# Visual Studio Version 16
VisualStudioVersion = 16.0.32802.440
MinimumVisualStudioVersion = 10.0.40219.1
Project("{888888A0-9F3D-457C-B088-3A5042F75D52}") = "home6_py", "home6_py.pyproj", "{D7706E75-0ECC-4641-9D3F-44122F632163}"
EndProject
Global
	GlobalSection(SolutionConfigurationPlatforms) = preSolution
		Debug|Any CPU = Debug|Any CPU
		Release|Any CPU = Release|Any CPU
	EndGlobalSection
	GlobalSection(ProjectConfigurationPlatforms) = postSolution
		{D7706E75-0ECC-4641-9D3F-44122F632163}.Debug|Any CPU.ActiveCfg = Debug|Any CPU
		{D7706E75-0ECC-4641-9D3F-44122F632163}.Release|Any CPU.ActiveCfg = Release|Any CPU
	EndGlobalSection
	GlobalSection(SolutionProperties) = preSolution
		HideSolutionNode = FALSE
	EndGlobalSection
	GlobalSection(ExtensibilityGlobals) = postSolution
		SolutionGuid = {D463386E-55A8-4FFE-AA99-32611D3B2E97}
	EndGlobalSection
EndGlobal
